
Microsoft Visual Studio Solution File, Format Version 12.00
# Visual Studio Version 17
VisualStudioVersion = 17.0.31903.59
MinimumVisualStudioVersion = 10.0.40219.1
Project("{FAE04EC0-301F-11D3-BF4B-00C04F79EFBC}") = "GambaTracker.Api", "GambaTracker.Api\GambaTracker.Api.csproj", "{36923C4C-EC2A-4C77-AE97-330CEE2234F7}"
EndProject
Project("{FAE04EC0-301F-11D3-BF4B-00C04F79EFBC}") = "GambaTracker.Core", "GambaTracker.Core\GambaTracker.Core.csproj", "{3CDEE808-79AB-4707-B8E9-6CA6F972747C}"
EndProject
Project("{FAE04EC0-301F-11D3-BF4B-00C04F79EFBC}") = "GambaTracker.Data", "GambaTracker.Data\GambaTracker.Data.csproj", "{412EBB3B-34BE-42C0-8614-1AA62D8BAC87}"
EndProject
Global
	GlobalSection(SolutionConfigurationPlatforms) = preSolution
		Debug|Any CPU = Debug|Any CPU
		Debug|x64 = Debug|x64
		Debug|x86 = Debug|x86
		Release|Any CPU = Release|Any CPU
		Release|x64 = Release|x64
		Release|x86 = Release|x86
	EndGlobalSection
	GlobalSection(ProjectConfigurationPlatforms) = postSolution
		{36923C4C-EC2A-4C77-AE97-330CEE2234F7}.Debug|Any CPU.ActiveCfg = Debug|Any CPU
		{36923C4C-EC2A-4C77-AE97-330CEE2234F7}.Debug|Any CPU.Build.0 = Debug|Any CPU
		{36923C4C-EC2A-4C77-AE97-330CEE2234F7}.Debug|x64.ActiveCfg = Debug|Any CPU
		{36923C4C-EC2A-4C77-AE97-330CEE2234F7}.Debug|x64.Build.0 = Debug|Any CPU
		{36923C4C-EC2A-4C77-AE97-330CEE2234F7}.Debug|x86.ActiveCfg = Debug|Any CPU
		{36923C4C-EC2A-4C77-AE97-330CEE2234F7}.Debug|x86.Build.0 = Debug|Any CPU
		{36923C4C-EC2A-4C77-AE97-330CEE2234F7}.Release|Any CPU.ActiveCfg = Release|Any CPU
		{36923C4C-EC2A-4C77-AE97-330CEE2234F7}.Release|Any CPU.Build.0 = Release|Any CPU
		{36923C4C-EC2A-4C77-AE97-330CEE2234F7}.Release|x64.ActiveCfg = Release|Any CPU
		{36923C4C-EC2A-4C77-AE97-330CEE2234F7}.Release|x64.Build.0 = Release|Any CPU
		{36923C4C-EC2A-4C77-AE97-330CEE2234F7}.Release|x86.ActiveCfg = Release|Any CPU
		{36923C4C-EC2A-4C77-AE97-330CEE2234F7}.Release|x86.Build.0 = Release|Any CPU
		{3CDEE808-79AB-4707-B8E9-6CA6F972747C}.Debug|Any CPU.ActiveCfg = Debug|Any CPU
		{3CDEE808-79AB-4707-B8E9-6CA6F972747C}.Debug|Any CPU.Build.0 = Debug|Any CPU
		{3CDEE808-79AB-4707-B8E9-6CA6F972747C}.Debug|x64.ActiveCfg = Debug|Any CPU
		{3CDEE808-79AB-4707-B8E9-6CA6F972747C}.Debug|x64.Build.0 = Debug|Any CPU
		{3CDEE808-79AB-4707-B8E9-6CA6F972747C}.Debug|x86.ActiveCfg = Debug|Any CPU
		{3CDEE808-79AB-4707-B8E9-6CA6F972747C}.Debug|x86.Build.0 = Debug|Any CPU
		{3CDEE808-79AB-4707-B8E9-6CA6F972747C}.Release|Any CPU.ActiveCfg = Release|Any CPU
		{3CDEE808-79AB-4707-B8E9-6CA6F972747C}.Release|Any CPU.Build.0 = Release|Any CPU
		{3CDEE808-79AB-4707-B8E9-6CA6F972747C}.Release|x64.ActiveCfg = Release|Any CPU
		{3CDEE808-79AB-4707-B8E9-6CA6F972747C}.Release|x64.Build.0 = Release|Any CPU
		{3CDEE808-79AB-4707-B8E9-6CA6F972747C}.Release|x86.ActiveCfg = Release|Any CPU
		{3CDEE808-79AB-4707-B8E9-6CA6F972747C}.Release|x86.Build.0 = Release|Any CPU
		{412EBB3B-34BE-42C0-8614-1AA62D8BAC87}.Debug|Any CPU.ActiveCfg = Debug|Any CPU
		{412EBB3B-34BE-42C0-8614-1AA62D8BAC87}.Debug|Any CPU.Build.0 = Debug|Any CPU
		{412EBB3B-34BE-42C0-8614-1AA62D8BAC87}.Debug|x64.ActiveCfg = Debug|Any CPU
		{412EBB3B-34BE-42C0-8614-1AA62D8BAC87}.Debug|x64.Build.0 = Debug|Any CPU
		{412EBB3B-34BE-42C0-8614-1AA62D8BAC87}.Debug|x86.ActiveCfg = Debug|Any CPU
		{412EBB3B-34BE-42C0-8614-1AA62D8BAC87}.Debug|x86.Build.0 = Debug|Any CPU
		{412EBB3B-34BE-42C0-8614-1AA62D8BAC87}.Release|Any CPU.ActiveCfg = Release|Any CPU
		{412EBB3B-34BE-42C0-8614-1AA62D8BAC87}.Release|Any CPU.Build.0 = Release|Any CPU
		{412EBB3B-34BE-42C0-8614-1AA62D8BAC87}.Release|x64.ActiveCfg = Release|Any CPU
		{412EBB3B-34BE-42C0-8614-1AA62D8BAC87}.Release|x64.Build.0 = Release|Any CPU
		{412EBB3B-34BE-42C0-8614-1AA62D8BAC87}.Release|x86.ActiveCfg = Release|Any CPU
		{412EBB3B-34BE-42C0-8614-1AA62D8BAC87}.Release|x86.Build.0 = Release|Any CPU
	EndGlobalSection
	GlobalSection(SolutionProperties) = preSolution
		HideSolutionNode = FALSE
	EndGlobalSection
EndGlobal
